// !$*UTF8*$!
{
	archiveVersion = 1;
	classes = {
	};
	objectVersion = 56;
	objects = {

/* Begin PBXBuildFile section */
		237C16F72A1F94BA0038E7D7 /* ThaliaApp.swift in Sources */ = {isa = PBXBuildFile; fileRef = 237C16F62A1F94BA0038E7D7 /* ThaliaApp.swift */; };
		237C16F92A1F94BA0038E7D7 /* ContentView.swift in Sources */ = {isa = PBXBuildFile; fileRef = 237C16F82A1F94BA0038E7D7 /* ContentView.swift */; };
		237C16FB2A1F94BB0038E7D7 /* Assets.xcassets in Resources */ = {isa = PBXBuildFile; fileRef = 237C16FA2A1F94BB0038E7D7 /* Assets.xcassets */; };
		237C16FE2A1F94BB0038E7D7 /* Preview Assets.xcassets in Resources */ = {isa = PBXBuildFile; fileRef = 237C16FD2A1F94BB0038E7D7 /* Preview Assets.xcassets */; };
		237C17082A1F94BB0038E7D7 /* ThaliaTests.swift in Sources */ = {isa = PBXBuildFile; fileRef = 237C17072A1F94BB0038E7D7 /* ThaliaTests.swift */; };
		237C17122A1F94BB0038E7D7 /* ThaliaUITests.swift in Sources */ = {isa = PBXBuildFile; fileRef = 237C17112A1F94BB0038E7D7 /* ThaliaUITests.swift */; };
		237C17142A1F94BB0038E7D7 /* ThaliaUITestsLaunchTests.swift in Sources */ = {isa = PBXBuildFile; fileRef = 237C17132A1F94BB0038E7D7 /* ThaliaUITestsLaunchTests.swift */; };
/* End PBXBuildFile section */

/* Begin PBXContainerItemProxy section */
		237C17042A1F94BB0038E7D7 /* PBXContainerItemProxy */ = {
			isa = PBXContainerItemProxy;
			containerPortal = 237C16EB2A1F94BA0038E7D7 /* Project object */;
			proxyType = 1;
			remoteGlobalIDString = 237C16F22A1F94BA0038E7D7;
			remoteInfo = Thalia;
		};
		237C170E2A1F94BB0038E7D7 /* PBXContainerItemProxy */ = {
			isa = PBXContainerItemProxy;
			containerPortal = 237C16EB2A1F94BA0038E7D7 /* Project object */;
			proxyType = 1;
			remoteGlobalIDString = 237C16F22A1F94BA0038E7D7;
			remoteInfo = Thalia;
		};
/* End PBXContainerItemProxy section */

/* Begin PBXFileReference section */
		237C16F32A1F94BA0038E7D7 /* Thalia.app */ = {isa = PBXFileReference; explicitFileType = wrapper.application; includeInIndex = 0; path = Thalia.app; sourceTree = BUILT_PRODUCTS_DIR; };
		237C16F62A1F94BA0038E7D7 /* ThaliaApp.swift */ = {isa = PBXFileReference; lastKnownFileType = sourcecode.swift; path = ThaliaApp.swift; sourceTree = "<group>"; };
		237C16F82A1F94BA0038E7D7 /* ContentView.swift */ = {isa = PBXFileReference; lastKnownFileType = sourcecode.swift; path = ContentView.swift; sourceTree = "<group>"; };
		237C16FA2A1F94BB0038E7D7 /* Assets.xcassets */ = {isa = PBXFileReference; lastKnownFileType = folder.assetcatalog; path = Assets.xcassets; sourceTree = "<group>"; };
		237C16FD2A1F94BB0038E7D7 /* Preview Assets.xcassets */ = {isa = PBXFileReference; lastKnownFileType = folder.assetcatalog; path = "Preview Assets.xcassets"; sourceTree = "<group>"; };
		237C17032A1F94BB0038E7D7 /* ThaliaTests.xctest */ = {isa = PBXFileReference; explicitFileType = wrapper.cfbundle; includeInIndex = 0; path = ThaliaTests.xctest; sourceTree = BUILT_PRODUCTS_DIR; };
		237C17072A1F94BB0038E7D7 /* ThaliaTests.swift */ = {isa = PBXFileReference; lastKnownFileType = sourcecode.swift; path = ThaliaTests.swift; sourceTree = "<group>"; };
		237C170D2A1F94BB0038E7D7 /* ThaliaUITests.xctest */ = {isa = PBXFileReference; explicitFileType = wrapper.cfbundle; includeInIndex = 0; path = ThaliaUITests.xctest; sourceTree = BUILT_PRODUCTS_DIR; };
		237C17112A1F94BB0038E7D7 /* ThaliaUITests.swift */ = {isa = PBXFileReference; lastKnownFileType = sourcecode.swift; path = ThaliaUITests.swift; sourceTree = "<group>"; };
		237C17132A1F94BB0038E7D7 /* ThaliaUITestsLaunchTests.swift */ = {isa = PBXFileReference; lastKnownFileType = sourcecode.swift; path = ThaliaUITestsLaunchTests.swift; sourceTree = "<group>"; };
/* End PBXFileReference section */

/* Begin PBXFrameworksBuildPhase section */
		237C16F02A1F94BA0038E7D7 /* Frameworks */ = {
			isa = PBXFrameworksBuildPhase;
			buildActionMask = 2147483647;
			files = (
			);
			runOnlyForDeploymentPostprocessing = 0;
		};
		237C17002A1F94BB0038E7D7 /* Frameworks */ = {
			isa = PBXFrameworksBuildPhase;
			buildActionMask = 2147483647;
			files = (
			);
			runOnlyForDeploymentPostprocessing = 0;
		};
		237C170A2A1F94BB0038E7D7 /* Frameworks */ = {
			isa = PBXFrameworksBuildPhase;
			buildActionMask = 2147483647;
			files = (
			);
			runOnlyForDeploymentPostprocessing = 0;
		};
/* End PBXFrameworksBuildPhase section */

/* Begin PBXGroup section */
		237C16EA2A1F94BA0038E7D7 = {
			isa = PBXGroup;
			children = (
				237C16F52A1F94BA0038E7D7 /* Thalia */,
				237C17062A1F94BB0038E7D7 /* ThaliaTests */,
				237C17102A1F94BB0038E7D7 /* ThaliaUITests */,
				237C16F42A1F94BA0038E7D7 /* Products */,
			);
			sourceTree = "<group>";
		};
		237C16F42A1F94BA0038E7D7 /* Products */ = {
			isa = PBXGroup;
			children = (
				237C16F32A1F94BA0038E7D7 /* Thalia.app */,
				237C17032A1F94BB0038E7D7 /* ThaliaTests.xctest */,
				237C170D2A1F94BB0038E7D7 /* ThaliaUITests.xctest */,
			);
			name = Products;
			sourceTree = "<group>";
		};
		237C16F52A1F94BA0038E7D7 /* Thalia */ = {
			isa = PBXGroup;
			children = (
				237C16F62A1F94BA0038E7D7 /* ThaliaApp.swift */,
				237C16F82A1F94BA0038E7D7 /* ContentView.swift */,
				237C16FA2A1F94BB0038E7D7 /* Assets.xcassets */,
				237C16FC2A1F94BB0038E7D7 /* Preview Content */,
			);
			path = Thalia;
			sourceTree = "<group>";
		};
		237C16FC2A1F94BB0038E7D7 /* Preview Content */ = {
			isa = PBXGroup;
			children = (
				237C16FD2A1F94BB0038E7D7 /* Preview Assets.xcassets */,
			);
			path = "Preview Content";
			sourceTree = "<group>";
		};
		237C17062A1F94BB0038E7D7 /* ThaliaTests */ = {
			isa = PBXGroup;
			children = (
				237C17072A1F94BB0038E7D7 /* ThaliaTests.swift */,
			);
			path = ThaliaTests;
			sourceTree = "<group>";
		};
		237C17102A1F94BB0038E7D7 /* ThaliaUITests */ = {
			isa = PBXGroup;
			children = (
				237C17112A1F94BB0038E7D7 /* ThaliaUITests.swift */,
				237C17132A1F94BB0038E7D7 /* ThaliaUITestsLaunchTests.swift */,
			);
			path = ThaliaUITests;
			sourceTree = "<group>";
		};
/* End PBXGroup section */

/* Begin PBXNativeTarget section */
		237C16F22A1F94BA0038E7D7 /* Thalia */ = {
			isa = PBXNativeTarget;
			buildConfigurationList = 237C17172A1F94BB0038E7D7 /* Build configuration list for PBXNativeTarget "Thalia" */;
			buildPhases = (
				237C16EF2A1F94BA0038E7D7 /* Sources */,
				237C16F02A1F94BA0038E7D7 /* Frameworks */,
				237C16F12A1F94BA0038E7D7 /* Resources */,
			);
			buildRules = (
			);
			dependencies = (
			);
			name = Thalia;
			productName = Thalia;
			productReference = 237C16F32A1F94BA0038E7D7 /* Thalia.app */;
			productType = "com.apple.product-type.application";
		};
		237C17022A1F94BB0038E7D7 /* ThaliaTests */ = {
			isa = PBXNativeTarget;
			buildConfigurationList = 237C171A2A1F94BB0038E7D7 /* Build configuration list for PBXNativeTarget "ThaliaTests" */;
			buildPhases = (
				237C16FF2A1F94BB0038E7D7 /* Sources */,
				237C17002A1F94BB0038E7D7 /* Frameworks */,
				237C17012A1F94BB0038E7D7 /* Resources */,
			);
			buildRules = (
			);
			dependencies = (
				237C17052A1F94BB0038E7D7 /* PBXTargetDependency */,
			);
			name = ThaliaTests;
			productName = ThaliaTests;
			productReference = 237C17032A1F94BB0038E7D7 /* ThaliaTests.xctest */;
			productType = "com.apple.product-type.bundle.unit-test";
		};
		237C170C2A1F94BB0038E7D7 /* ThaliaUITests */ = {
			isa = PBXNativeTarget;
			buildConfigurationList = 237C171D2A1F94BB0038E7D7 /* Build configuration list for PBXNativeTarget "ThaliaUITests" */;
			buildPhases = (
				237C17092A1F94BB0038E7D7 /* Sources */,
				237C170A2A1F94BB0038E7D7 /* Frameworks */,
				237C170B2A1F94BB0038E7D7 /* Resources */,
			);
			buildRules = (
			);
			dependencies = (
				237C170F2A1F94BB0038E7D7 /* PBXTargetDependency */,
			);
			name = ThaliaUITests;
			productName = ThaliaUITests;
			productReference = 237C170D2A1F94BB0038E7D7 /* ThaliaUITests.xctest */;
			productType = "com.apple.product-type.bundle.ui-testing";
		};
/* End PBXNativeTarget section */

/* Begin PBXProject section */
		237C16EB2A1F94BA0038E7D7 /* Project object */ = {
			isa = PBXProject;
			attributes = {
				BuildIndependentTargetsInParallel = 1;
				LastSwiftUpdateCheck = 1430;
				LastUpgradeCheck = 1430;
				TargetAttributes = {
					237C16F22A1F94BA0038E7D7 = {
						CreatedOnToolsVersion = 14.3;
					};
					237C17022A1F94BB0038E7D7 = {
						CreatedOnToolsVersion = 14.3;
						TestTargetID = 237C16F22A1F94BA0038E7D7;
					};
					237C170C2A1F94BB0038E7D7 = {
						CreatedOnToolsVersion = 14.3;
						TestTargetID = 237C16F22A1F94BA0038E7D7;
					};
				};
			};
			buildConfigurationList = 237C16EE2A1F94BA0038E7D7 /* Build configuration list for PBXProject "Thalia" */;
			compatibilityVersion = "Xcode 14.0";
			developmentRegion = en;
			hasScannedForEncodings = 0;
			knownRegions = (
				en,
				Base,
			);
			mainGroup = 237C16EA2A1F94BA0038E7D7;
			productRefGroup = 237C16F42A1F94BA0038E7D7 /* Products */;
			projectDirPath = "";
			projectRoot = "";
			targets = (
				237C16F22A1F94BA0038E7D7 /* Thalia */,
				237C17022A1F94BB0038E7D7 /* ThaliaTests */,
				237C170C2A1F94BB0038E7D7 /* ThaliaUITests */,
			);
		};
/* End PBXProject section */

/* Begin PBXResourcesBuildPhase section */
		237C16F12A1F94BA0038E7D7 /* Resources */ = {
			isa = PBXResourcesBuildPhase;
			buildActionMask = 2147483647;
			files = (
				237C16FE2A1F94BB0038E7D7 /* Preview Assets.xcassets in Resources */,
				237C16FB2A1F94BB0038E7D7 /* Assets.xcassets in Resources */,
			);
			runOnlyForDeploymentPostprocessing = 0;
		};
		237C17012A1F94BB0038E7D7 /* Resources */ = {
			isa = PBXResourcesBuildPhase;
			buildActionMask = 2147483647;
			files = (
			);
			runOnlyForDeploymentPostprocessing = 0;
		};
		237C170B2A1F94BB0038E7D7 /* Resources */ = {
			isa = PBXResourcesBuildPhase;
			buildActionMask = 2147483647;
			files = (
			);
			runOnlyForDeploymentPostprocessing = 0;
		};
/* End PBXResourcesBuildPhase section */

/* Begin PBXSourcesBuildPhase section */
		237C16EF2A1F94BA0038E7D7 /* Sources */ = {
			isa = PBXSourcesBuildPhase;
			buildActionMask = 2147483647;
			files = (
				237C16F92A1F94BA0038E7D7 /* ContentView.swift in Sources */,
				237C16F72A1F94BA0038E7D7 /* ThaliaApp.swift in Sources */,
			);
			runOnlyForDeploymentPostprocessing = 0;
		};
		237C16FF2A1F94BB0038E7D7 /* Sources */ = {
			isa = PBXSourcesBuildPhase;
			buildActionMask = 2147483647;
			files = (
				237C17082A1F94BB0038E7D7 /* ThaliaTests.swift in Sources */,
			);
			runOnlyForDeploymentPostprocessing = 0;
		};
		237C17092A1F94BB0038E7D7 /* Sources */ = {
			isa = PBXSourcesBuildPhase;
			buildActionMask = 2147483647;
			files = (
				237C17122A1F94BB0038E7D7 /* ThaliaUITests.swift in Sources */,
				237C17142A1F94BB0038E7D7 /* ThaliaUITestsLaunchTests.swift in Sources */,
			);
			runOnlyForDeploymentPostprocessing = 0;
		};
/* End PBXSourcesBuildPhase section */

/* Begin PBXTargetDependency section */
		237C17052A1F94BB0038E7D7 /* PBXTargetDependency */ = {
			isa = PBXTargetDependency;
			target = 237C16F22A1F94BA0038E7D7 /* Thalia */;
			targetProxy = 237C17042A1F94BB0038E7D7 /* PBXContainerItemProxy */;
		};
		237C170F2A1F94BB0038E7D7 /* PBXTargetDependency */ = {
			isa = PBXTargetDependency;
			target = 237C16F22A1F94BA0038E7D7 /* Thalia */;
			targetProxy = 237C170E2A1F94BB0038E7D7 /* PBXContainerItemProxy */;
		};
/* End PBXTargetDependency section */

/* Begin XCBuildConfiguration section */
		237C17152A1F94BB0038E7D7 /* Debug */ = {
			isa = XCBuildConfiguration;
			buildSettings = {
				ALWAYS_SEARCH_USER_PATHS = NO;
				CLANG_ANALYZER_NONNULL = YES;
				CLANG_ANALYZER_NUMBER_OBJECT_CONVERSION = YES_AGGRESSIVE;
				CLANG_CXX_LANGUAGE_STANDARD = "gnu++20";
				CLANG_ENABLE_MODULES = YES;
				CLANG_ENABLE_OBJC_ARC = YES;
				CLANG_ENABLE_OBJC_WEAK = YES;
				CLANG_WARN_BLOCK_CAPTURE_AUTORELEASING = YES;
				CLANG_WARN_BOOL_CONVERSION = YES;
				CLANG_WARN_COMMA = YES;
				CLANG_WARN_CONSTANT_CONVERSION = YES;
				CLANG_WARN_DEPRECATED_OBJC_IMPLEMENTATIONS = YES;
				CLANG_WARN_DIRECT_OBJC_ISA_USAGE = YES_ERROR;
				CLANG_WARN_DOCUMENTATION_COMMENTS = YES;
				CLANG_WARN_EMPTY_BODY = YES;
				CLANG_WARN_ENUM_CONVERSION = YES;
				CLANG_WARN_INFINITE_RECURSION = YES;
				CLANG_WARN_INT_CONVERSION = YES;
				CLANG_WARN_NON_LITERAL_NULL_CONVERSION = YES;
				CLANG_WARN_OBJC_IMPLICIT_RETAIN_SELF = YES;
				CLANG_WARN_OBJC_LITERAL_CONVERSION = YES;
				CLANG_WARN_OBJC_ROOT_CLASS = YES_ERROR;
				CLANG_WARN_QUOTED_INCLUDE_IN_FRAMEWORK_HEADER = YES;
				CLANG_WARN_RANGE_LOOP_ANALYSIS = YES;
				CLANG_WARN_STRICT_PROTOTYPES = YES;
				CLANG_WARN_SUSPICIOUS_MOVE = YES;
				CLANG_WARN_UNGUARDED_AVAILABILITY = YES_AGGRESSIVE;
				CLANG_WARN_UNREACHABLE_CODE = YES;
				CLANG_WARN__DUPLICATE_METHOD_MATCH = YES;
				COPY_PHASE_STRIP = NO;
				DEBUG_INFORMATION_FORMAT = dwarf;
				ENABLE_STRICT_OBJC_MSGSEND = YES;
				ENABLE_TESTABILITY = YES;
				GCC_C_LANGUAGE_STANDARD = gnu11;
				GCC_DYNAMIC_NO_PIC = NO;
				GCC_NO_COMMON_BLOCKS = YES;
				GCC_OPTIMIZATION_LEVEL = 0;
				GCC_PREPROCESSOR_DEFINITIONS = (
					"DEBUG=1",
					"$(inherited)",
				);
				GCC_WARN_64_TO_32_BIT_CONVERSION = YES;
				GCC_WARN_ABOUT_RETURN_TYPE = YES_ERROR;
				GCC_WARN_UNDECLARED_SELECTOR = YES;
				GCC_WARN_UNINITIALIZED_AUTOS = YES_AGGRESSIVE;
				GCC_WARN_UNUSED_FUNCTION = YES;
				GCC_WARN_UNUSED_VARIABLE = YES;
				IPHONEOS_DEPLOYMENT_TARGET = 16.4;
				MTL_ENABLE_DEBUG_INFO = INCLUDE_SOURCE;
				MTL_FAST_MATH = YES;
				ONLY_ACTIVE_ARCH = YES;
				SDKROOT = iphoneos;
				SWIFT_ACTIVE_COMPILATION_CONDITIONS = DEBUG;
				SWIFT_OPTIMIZATION_LEVEL = "-Onone";
			};
			name = Debug;
		};
		237C17162A1F94BB0038E7D7 /* Release */ = {
			isa = XCBuildConfiguration;
			buildSettings = {
				ALWAYS_SEARCH_USER_PATHS = NO;
				CLANG_ANALYZER_NONNULL = YES;
				CLANG_ANALYZER_NUMBER_OBJECT_CONVERSION = YES_AGGRESSIVE;
				CLANG_CXX_LANGUAGE_STANDARD = "gnu++20";
				CLANG_ENABLE_MODULES = YES;
				CLANG_ENABLE_OBJC_ARC = YES;
				CLANG_ENABLE_OBJC_WEAK = YES;
				CLANG_WARN_BLOCK_CAPTURE_AUTORELEASING = YES;
				CLANG_WARN_BOOL_CONVERSION = YES;
				CLANG_WARN_COMMA = YES;
				CLANG_WARN_CONSTANT_CONVERSION = YES;
				CLANG_WARN_DEPRECATED_OBJC_IMPLEMENTATIONS = YES;
				CLANG_WARN_DIRECT_OBJC_ISA_USAGE = YES_ERROR;
				CLANG_WARN_DOCUMENTATION_COMMENTS = YES;
				CLANG_WARN_EMPTY_BODY = YES;
				CLANG_WARN_ENUM_CONVERSION = YES;
				CLANG_WARN_INFINITE_RECURSION = YES;
				CLANG_WARN_INT_CONVERSION = YES;
				CLANG_WARN_NON_LITERAL_NULL_CONVERSION = YES;
				CLANG_WARN_OBJC_IMPLICIT_RETAIN_SELF = YES;
				CLANG_WARN_OBJC_LITERAL_CONVERSION = YES;
				CLANG_WARN_OBJC_ROOT_CLASS = YES_ERROR;
				CLANG_WARN_QUOTED_INCLUDE_IN_FRAMEWORK_HEADER = YES;
				CLANG_WARN_RANGE_LOOP_ANALYSIS = YES;
				CLANG_WARN_STRICT_PROTOTYPES = YES;
				CLANG_WARN_SUSPICIOUS_MOVE = YES;
				CLANG_WARN_UNGUARDED_AVAILABILITY = YES_AGGRESSIVE;
				CLANG_WARN_UNREACHABLE_CODE = YES;
				CLANG_WARN__DUPLICATE_METHOD_MATCH = YES;
				COPY_PHASE_STRIP = NO;
				DEBUG_INFORMATION_FORMAT = "dwarf-with-dsym";
				ENABLE_NS_ASSERTIONS = NO;
				ENABLE_STRICT_OBJC_MSGSEND = YES;
				GCC_C_LANGUAGE_STANDARD = gnu11;
				GCC_NO_COMMON_BLOCKS = YES;
				GCC_WARN_64_TO_32_BIT_CONVERSION = YES;
				GCC_WARN_ABOUT_RETURN_TYPE = YES_ERROR;
				GCC_WARN_UNDECLARED_SELECTOR = YES;
				GCC_WARN_UNINITIALIZED_AUTOS = YES_AGGRESSIVE;
				GCC_WARN_UNUSED_FUNCTION = YES;
				GCC_WARN_UNUSED_VARIABLE = YES;
				IPHONEOS_DEPLOYMENT_TARGET = 16.4;
				MTL_ENABLE_DEBUG_INFO = NO;
				MTL_FAST_MATH = YES;
				SDKROOT = iphoneos;
				SWIFT_COMPILATION_MODE = wholemodule;
				SWIFT_OPTIMIZATION_LEVEL = "-O";
				VALIDATE_PRODUCT = YES;
			};
			name = Release;
		};
		237C17182A1F94BB0038E7D7 /* Debug */ = {
			isa = XCBuildConfiguration;
			buildSettings = {
				ASSETCATALOG_COMPILER_APPICON_NAME = AppIcon;
				ASSETCATALOG_COMPILER_GLOBAL_ACCENT_COLOR_NAME = AccentColor;
				CODE_SIGN_STYLE = Automatic;
				CURRENT_PROJECT_VERSION = 1;
				DEVELOPMENT_ASSET_PATHS = "\"Thalia/Preview Content\"";
				DEVELOPMENT_TEAM = 9VSYQ6QW3Z;
				ENABLE_PREVIEWS = YES;
				GENERATE_INFOPLIST_FILE = YES;
				INFOPLIST_KEY_UIApplicationSceneManifest_Generation = YES;
				INFOPLIST_KEY_UIApplicationSupportsIndirectInputEvents = YES;
				INFOPLIST_KEY_UILaunchScreen_Generation = YES;
				INFOPLIST_KEY_UISupportedInterfaceOrientations_iPad = "UIInterfaceOrientationPortrait UIInterfaceOrientationPortraitUpsideDown UIInterfaceOrientationLandscapeLeft UIInterfaceOrientationLandscapeRight";
				INFOPLIST_KEY_UISupportedInterfaceOrientations_iPhone = "UIInterfaceOrientationPortrait UIInterfaceOrientationLandscapeLeft UIInterfaceOrientationLandscapeRight";
				LD_RUNPATH_SEARCH_PATHS = (
					"$(inherited)",
					"@executable_path/Frameworks",
				);
				MARKETING_VERSION = 1.0;
				PRODUCT_BUNDLE_IDENTIFIER = com.zofiadrabek.Thalia;
				PRODUCT_NAME = "$(TARGET_NAME)";
				SWIFT_EMIT_LOC_STRINGS = YES;
				SWIFT_VERSION = 5.0;
				TARGETED_DEVICE_FAMILY = "1,2";
			};
			name = Debug;
		};
		237C17192A1F94BB0038E7D7 /* Release */ = {
			isa = XCBuildConfiguration;
			buildSettings = {
				ASSETCATALOG_COMPILER_APPICON_NAME = AppIcon;
				ASSETCATALOG_COMPILER_GLOBAL_ACCENT_COLOR_NAME = AccentColor;
				CODE_SIGN_STYLE = Automatic;
				CURRENT_PROJECT_VERSION = 1;
				DEVELOPMENT_ASSET_PATHS = "\"Thalia/Preview Content\"";
				DEVELOPMENT_TEAM = 9VSYQ6QW3Z;
				ENABLE_PREVIEWS = YES;
				GENERATE_INFOPLIST_FILE = YES;
				INFOPLIST_KEY_UIApplicationSceneManifest_Generation = YES;
				INFOPLIST_KEY_UIApplicationSupportsIndirectInputEvents = YES;
				INFOPLIST_KEY_UILaunchScreen_Generation = YES;
				INFOPLIST_KEY_UISupportedInterfaceOrientations_iPad = "UIInterfaceOrientationPortrait UIInterfaceOrientationPortraitUpsideDown UIInterfaceOrientationLandscapeLeft UIInterfaceOrientationLandscapeRight";
				INFOPLIST_KEY_UISupportedInterfaceOrientations_iPhone = "UIInterfaceOrientationPortrait UIInterfaceOrientationLandscapeLeft UIInterfaceOrientationLandscapeRight";
				LD_RUNPATH_SEARCH_PATHS = (
					"$(inherited)",
					"@executable_path/Frameworks",
				);
				MARKETING_VERSION = 1.0;
				PRODUCT_BUNDLE_IDENTIFIER = com.zofiadrabek.Thalia;
				PRODUCT_NAME = "$(TARGET_NAME)";
				SWIFT_EMIT_LOC_STRINGS = YES;
				SWIFT_VERSION = 5.0;
				TARGETED_DEVICE_FAMILY = "1,2";
			};
			name = Release;
		};
		237C171B2A1F94BB0038E7D7 /* Debug */ = {
			isa = XCBuildConfiguration;
			buildSettings = {
				ALWAYS_EMBED_SWIFT_STANDARD_LIBRARIES = YES;
				BUNDLE_LOADER = "$(TEST_HOST)";
				CODE_SIGN_STYLE = Automatic;
				CURRENT_PROJECT_VERSION = 1;
				DEVELOPMENT_TEAM = 9VSYQ6QW3Z;
				GENERATE_INFOPLIST_FILE = YES;
				IPHONEOS_DEPLOYMENT_TARGET = 16.4;
				MARKETING_VERSION = 1.0;
				PRODUCT_BUNDLE_IDENTIFIER = com.zofiadrabek.ThaliaTests;
				PRODUCT_NAME = "$(TARGET_NAME)";
				SWIFT_EMIT_LOC_STRINGS = NO;
				SWIFT_VERSION = 5.0;
				TARGETED_DEVICE_FAMILY = "1,2";
				TEST_HOST = "$(BUILT_PRODUCTS_DIR)/Thalia.app/$(BUNDLE_EXECUTABLE_FOLDER_PATH)/Thalia";
			};
			name = Debug;
		};
		237C171C2A1F94BB0038E7D7 /* Release */ = {
			isa = XCBuildConfiguration;
			buildSettings = {
				ALWAYS_EMBED_SWIFT_STANDARD_LIBRARIES = YES;
				BUNDLE_LOADER = "$(TEST_HOST)";
				CODE_SIGN_STYLE = Automatic;
				CURRENT_PROJECT_VERSION = 1;
				DEVELOPMENT_TEAM = 9VSYQ6QW3Z;
				GENERATE_INFOPLIST_FILE = YES;
				IPHONEOS_DEPLOYMENT_TARGET = 16.4;
				MARKETING_VERSION = 1.0;
				PRODUCT_BUNDLE_IDENTIFIER = com.zofiadrabek.ThaliaTests;
				PRODUCT_NAME = "$(TARGET_NAME)";
				SWIFT_EMIT_LOC_STRINGS = NO;
				SWIFT_VERSION = 5.0;
				TARGETED_DEVICE_FAMILY = "1,2";
				TEST_HOST = "$(BUILT_PRODUCTS_DIR)/Thalia.app/$(BUNDLE_EXECUTABLE_FOLDER_PATH)/Thalia";
			};
			name = Release;
		};
		237C171E2A1F94BB0038E7D7 /* Debug */ = {
			isa = XCBuildConfiguration;
			buildSettings = {
				ALWAYS_EMBED_SWIFT_STANDARD_LIBRARIES = YES;
				CODE_SIGN_STYLE = Automatic;
				CURRENT_PROJECT_VERSION = 1;
				DEVELOPMENT_TEAM = 9VSYQ6QW3Z;
				GENERATE_INFOPLIST_FILE = YES;
				MARKETING_VERSION = 1.0;
				PRODUCT_BUNDLE_IDENTIFIER = com.zofiadrabek.ThaliaUITests;
				PRODUCT_NAME = "$(TARGET_NAME)";
				SWIFT_EMIT_LOC_STRINGS = NO;
				SWIFT_VERSION = 5.0;
				TARGETED_DEVICE_FAMILY = "1,2";
				TEST_TARGET_NAME = Thalia;
			};
			name = Debug;
		};
		237C171F2A1F94BB0038E7D7 /* Release */ = {
			isa = XCBuildConfiguration;
			buildSettings = {
				ALWAYS_EMBED_SWIFT_STANDARD_LIBRARIES = YES;
				CODE_SIGN_STYLE = Automatic;
				CURRENT_PROJECT_VERSION = 1;
				DEVELOPMENT_TEAM = 9VSYQ6QW3Z;
				GENERATE_INFOPLIST_FILE = YES;
				MARKETING_VERSION = 1.0;
				PRODUCT_BUNDLE_IDENTIFIER = com.zofiadrabek.ThaliaUITests;
				PRODUCT_NAME = "$(TARGET_NAME)";
				SWIFT_EMIT_LOC_STRINGS = NO;
				SWIFT_VERSION = 5.0;
				TARGETED_DEVICE_FAMILY = "1,2";
				TEST_TARGET_NAME = Thalia;
			};
			name = Release;
		};
/* End XCBuildConfiguration section */

/* Begin XCConfigurationList section */
		237C16EE2A1F94BA0038E7D7 /* Build configuration list for PBXProject "Thalia" */ = {
			isa = XCConfigurationList;
			buildConfigurations = (
				237C17152A1F94BB0038E7D7 /* Debug */,
				237C17162A1F94BB0038E7D7 /* Release */,
			);
			defaultConfigurationIsVisible = 0;
			defaultConfigurationName = Release;
		};
		237C17172A1F94BB0038E7D7 /* Build configuration list for PBXNativeTarget "Thalia" */ = {
			isa = XCConfigurationList;
			buildConfigurations = (
				237C17182A1F94BB0038E7D7 /* Debug */,
				237C17192A1F94BB0038E7D7 /* Release */,
			);
			defaultConfigurationIsVisible = 0;
			defaultConfigurationName = Release;
		};
		237C171A2A1F94BB0038E7D7 /* Build configuration list for PBXNativeTarget "ThaliaTests" */ = {
			isa = XCConfigurationList;
			buildConfigurations = (
				237C171B2A1F94BB0038E7D7 /* Debug */,
				237C171C2A1F94BB0038E7D7 /* Release */,
			);
			defaultConfigurationIsVisible = 0;
			defaultConfigurationName = Release;
		};
		237C171D2A1F94BB0038E7D7 /* Build configuration list for PBXNativeTarget "ThaliaUITests" */ = {
			isa = XCConfigurationList;
			buildConfigurations = (
				237C171E2A1F94BB0038E7D7 /* Debug */,
				237C171F2A1F94BB0038E7D7 /* Release */,
			);
			defaultConfigurationIsVisible = 0;
			defaultConfigurationName = Release;
		};
/* End XCConfigurationList section */
	};
	rootObject = 237C16EB2A1F94BA0038E7D7 /* Project object */;
}
